
Microsoft Visual Studio Solution File, Format Version 12.00
# Visual Studio Version 16
VisualStudioVersion = 16.0.30804.86
MinimumVisualStudioVersion = 10.0.40219.1
Project("{FAE04EC0-301F-11D3-BF4B-00C04F79EFBC}") = "DataAccess", "Databases\DataAccess.csproj", "{C4032AF7-B8AA-419E-B773-031F0B15743F}"
EndProject
Project("{FAE04EC0-301F-11D3-BF4B-00C04F79EFBC}") = "Business", "Business\Business.csproj", "{9E2CAF7C-EAC9-4885-92E3-80E7BC393F80}"
EndProject
Project("{FAE04EC0-301F-11D3-BF4B-00C04F79EFBC}") = "Entitites", "Entitites\Entitites.csproj", "{0428C8E3-BE11-41D5-B45C-680064700CA0}"
EndProject
Project("{FAE04EC0-301F-11D3-BF4B-00C04F79EFBC}") = "ConsoleU", "ConsoleU\ConsoleU.csproj", "{85A22AFE-948A-4FDE-AA12-2B603D300B2E}"
EndProject
Global
	GlobalSection(SolutionConfigurationPlatforms) = preSolution
		Debug|Any CPU = Debug|Any CPU
		Release|Any CPU = Release|Any CPU
	EndGlobalSection
	GlobalSection(ProjectConfigurationPlatforms) = postSolution
		{C4032AF7-B8AA-419E-B773-031F0B15743F}.Debug|Any CPU.ActiveCfg = Debug|Any CPU
		{C4032AF7-B8AA-419E-B773-031F0B15743F}.Debug|Any CPU.Build.0 = Debug|Any CPU
		{C4032AF7-B8AA-419E-B773-031F0B15743F}.Release|Any CPU.ActiveCfg = Release|Any CPU
		{C4032AF7-B8AA-419E-B773-031F0B15743F}.Release|Any CPU.Build.0 = Release|Any CPU
		{9E2CAF7C-EAC9-4885-92E3-80E7BC393F80}.Debug|Any CPU.ActiveCfg = Debug|Any CPU
		{9E2CAF7C-EAC9-4885-92E3-80E7BC393F80}.Debug|Any CPU.Build.0 = Debug|Any CPU
		{9E2CAF7C-EAC9-4885-92E3-80E7BC393F80}.Release|Any CPU.ActiveCfg = Release|Any CPU
		{9E2CAF7C-EAC9-4885-92E3-80E7BC393F80}.Release|Any CPU.Build.0 = Release|Any CPU
		{0428C8E3-BE11-41D5-B45C-680064700CA0}.Debug|Any CPU.ActiveCfg = Debug|Any CPU
		{0428C8E3-BE11-41D5-B45C-680064700CA0}.Debug|Any CPU.Build.0 = Debug|Any CPU
		{0428C8E3-BE11-41D5-B45C-680064700CA0}.Release|Any CPU.ActiveCfg = Release|Any CPU
		{0428C8E3-BE11-41D5-B45C-680064700CA0}.Release|Any CPU.Build.0 = Release|Any CPU
		{85A22AFE-948A-4FDE-AA12-2B603D300B2E}.Debug|Any CPU.ActiveCfg = Debug|Any CPU
		{85A22AFE-948A-4FDE-AA12-2B603D300B2E}.Debug|Any CPU.Build.0 = Debug|Any CPU
		{85A22AFE-948A-4FDE-AA12-2B603D300B2E}.Release|Any CPU.ActiveCfg = Release|Any CPU
		{85A22AFE-948A-4FDE-AA12-2B603D300B2E}.Release|Any CPU.Build.0 = Release|Any CPU
	EndGlobalSection
	GlobalSection(SolutionProperties) = preSolution
		HideSolutionNode = FALSE
	EndGlobalSection
	GlobalSection(ExtensibilityGlobals) = postSolution
		SolutionGuid = {6ACC0329-D041-4655-9C63-06F2831893D0}
	EndGlobalSection
EndGlobal
